
Microsoft Visual Studio Solution File, Format Version 12.00
# Visual Studio Version 16
VisualStudioVersion = 16.0.30804.86
MinimumVisualStudioVersion = 10.0.40219.1
Project("{9A19103F-16F7-4668-BE54-9A1E7A4F7556}") = "BOL", "BOL\BOL.csproj", "{3BF2BA83-4F75-4466-A014-D6BC405EB0A1}"
EndProject
Project("{9A19103F-16F7-4668-BE54-9A1E7A4F7556}") = "DAL", "DAL\DAL.csproj", "{F7F8AA30-F72E-411E-A6AD-18CC800206BB}"
EndProject
Project("{9A19103F-16F7-4668-BE54-9A1E7A4F7556}") = "BLL", "BLL\BLL.csproj", "{BF38729F-5E5C-4909-91B7-EE2736A8C62E}"
EndProject
Project("{9A19103F-16F7-4668-BE54-9A1E7A4F7556}") = "UserInterface", "UserInterface\UserInterface.csproj", "{B193FDA9-08FF-41B7-8DE8-0D1E49C2419F}"
EndProject
Project("{FAE04EC0-301F-11D3-BF4B-00C04F79EFBC}") = "WebAPI", "WebAPI\WebAPI.csproj", "{CD51DCF8-6399-47B6-A274-DFDCC20D2C6C}"
EndProject
Global
	GlobalSection(SolutionConfigurationPlatforms) = preSolution
		Debug|Any CPU = Debug|Any CPU
		Release|Any CPU = Release|Any CPU
	EndGlobalSection
	GlobalSection(ProjectConfigurationPlatforms) = postSolution
		{3BF2BA83-4F75-4466-A014-D6BC405EB0A1}.Debug|Any CPU.ActiveCfg = Debug|Any CPU
		{3BF2BA83-4F75-4466-A014-D6BC405EB0A1}.Debug|Any CPU.Build.0 = Debug|Any CPU
		{3BF2BA83-4F75-4466-A014-D6BC405EB0A1}.Release|Any CPU.ActiveCfg = Release|Any CPU
		{3BF2BA83-4F75-4466-A014-D6BC405EB0A1}.Release|Any CPU.Build.0 = Release|Any CPU
		{F7F8AA30-F72E-411E-A6AD-18CC800206BB}.Debug|Any CPU.ActiveCfg = Debug|Any CPU
		{F7F8AA30-F72E-411E-A6AD-18CC800206BB}.Debug|Any CPU.Build.0 = Debug|Any CPU
		{F7F8AA30-F72E-411E-A6AD-18CC800206BB}.Release|Any CPU.ActiveCfg = Release|Any CPU
		{F7F8AA30-F72E-411E-A6AD-18CC800206BB}.Release|Any CPU.Build.0 = Release|Any CPU
		{BF38729F-5E5C-4909-91B7-EE2736A8C62E}.Debug|Any CPU.ActiveCfg = Debug|Any CPU
		{BF38729F-5E5C-4909-91B7-EE2736A8C62E}.Debug|Any CPU.Build.0 = Debug|Any CPU
		{BF38729F-5E5C-4909-91B7-EE2736A8C62E}.Release|Any CPU.ActiveCfg = Release|Any CPU
		{BF38729F-5E5C-4909-91B7-EE2736A8C62E}.Release|Any CPU.Build.0 = Release|Any CPU
		{B193FDA9-08FF-41B7-8DE8-0D1E49C2419F}.Debug|Any CPU.ActiveCfg = Debug|Any CPU
		{B193FDA9-08FF-41B7-8DE8-0D1E49C2419F}.Debug|Any CPU.Build.0 = Debug|Any CPU
		{B193FDA9-08FF-41B7-8DE8-0D1E49C2419F}.Release|Any CPU.ActiveCfg = Release|Any CPU
		{B193FDA9-08FF-41B7-8DE8-0D1E49C2419F}.Release|Any CPU.Build.0 = Release|Any CPU
		{CD51DCF8-6399-47B6-A274-DFDCC20D2C6C}.Debug|Any CPU.ActiveCfg = Debug|Any CPU
		{CD51DCF8-6399-47B6-A274-DFDCC20D2C6C}.Debug|Any CPU.Build.0 = Debug|Any CPU
		{CD51DCF8-6399-47B6-A274-DFDCC20D2C6C}.Release|Any CPU.ActiveCfg = Release|Any CPU
		{CD51DCF8-6399-47B6-A274-DFDCC20D2C6C}.Release|Any CPU.Build.0 = Release|Any CPU
	EndGlobalSection
	GlobalSection(SolutionProperties) = preSolution
		HideSolutionNode = FALSE
	EndGlobalSection
	GlobalSection(ExtensibilityGlobals) = postSolution
		SolutionGuid = {C823CCFD-8DE2-4DAA-9CB5-0CEE2B9CC50F}
	EndGlobalSection
EndGlobal
